
Microsoft Visual Studio Solution File, Format Version 12.00
# Visual Studio Version 16
VisualStudioVersion = 16.0.30114.105
MinimumVisualStudioVersion = 10.0.40219.1
Project("{FAE04EC0-301F-11D3-BF4B-00C04F79EFBC}") = "CloudTek.Automation.Shell", "src\CloudTek.Automation.Shell\CloudTek.Automation.Shell.csproj", "{0D40B1C1-49B6-4A87-BC08-0ECA7D98ED04}"
EndProject
Project("{FAE04EC0-301F-11D3-BF4B-00C04F79EFBC}") = "CloudTek.Automation.K8S", "src\CloudTek.Automation.K8S\CloudTek.Automation.K8S.csproj", "{BB78F357-FAA2-41EB-8CAB-84D76E28CE29}"
EndProject
Project("{FAE04EC0-301F-11D3-BF4B-00C04F79EFBC}") = "_build", "build\_build.csproj", "{794F708D-3302-41A7-B783-DF59B20275A3}"
EndProject
Global
	GlobalSection(SolutionConfigurationPlatforms) = preSolution
		Debug|Any CPU = Debug|Any CPU
		Release|Any CPU = Release|Any CPU
	EndGlobalSection
	GlobalSection(SolutionProperties) = preSolution
		HideSolutionNode = FALSE
	EndGlobalSection
	GlobalSection(ProjectConfigurationPlatforms) = postSolution
		{0D40B1C1-49B6-4A87-BC08-0ECA7D98ED04}.Debug|Any CPU.ActiveCfg = Debug|Any CPU
		{0D40B1C1-49B6-4A87-BC08-0ECA7D98ED04}.Debug|Any CPU.Build.0 = Debug|Any CPU
		{0D40B1C1-49B6-4A87-BC08-0ECA7D98ED04}.Release|Any CPU.ActiveCfg = Release|Any CPU
		{0D40B1C1-49B6-4A87-BC08-0ECA7D98ED04}.Release|Any CPU.Build.0 = Release|Any CPU
		{BB78F357-FAA2-41EB-8CAB-84D76E28CE29}.Debug|Any CPU.ActiveCfg = Debug|Any CPU
		{BB78F357-FAA2-41EB-8CAB-84D76E28CE29}.Debug|Any CPU.Build.0 = Debug|Any CPU
		{BB78F357-FAA2-41EB-8CAB-84D76E28CE29}.Release|Any CPU.ActiveCfg = Release|Any CPU
		{BB78F357-FAA2-41EB-8CAB-84D76E28CE29}.Release|Any CPU.Build.0 = Release|Any CPU
		{794F708D-3302-41A7-B783-DF59B20275A3}.Debug|Any CPU.ActiveCfg = Debug|Any CPU
		{794F708D-3302-41A7-B783-DF59B20275A3}.Debug|Any CPU.Build.0 = Debug|Any CPU
		{794F708D-3302-41A7-B783-DF59B20275A3}.Release|Any CPU.ActiveCfg = Release|Any CPU
		{794F708D-3302-41A7-B783-DF59B20275A3}.Release|Any CPU.Build.0 = Release|Any CPU
	EndGlobalSection
EndGlobal
